
Microsoft Visual Studio Solution File, Format Version 12.00
# Visual Studio Version 16
VisualStudioVersion = 16.0.30413.136
MinimumVisualStudioVersion = 10.0.40219.1
Project("{FAE04EC0-301F-11D3-BF4B-00C04F79EFBC}") = "Bidimensional Spiral", "Bidimensional Spiral\Bidimensional Spiral.csproj", "{CDD7B9EF-33B8-4439-97DC-6F525368E2B5}"
EndProject
Global
	GlobalSection(SolutionConfigurationPlatforms) = preSolution
		Debug|Any CPU = Debug|Any CPU
		Release|Any CPU = Release|Any CPU
	EndGlobalSection
	GlobalSection(ProjectConfigurationPlatforms) = postSolution
		{CDD7B9EF-33B8-4439-97DC-6F525368E2B5}.Debug|Any CPU.ActiveCfg = Debug|Any CPU
		{CDD7B9EF-33B8-4439-97DC-6F525368E2B5}.Debug|Any CPU.Build.0 = Debug|Any CPU
		{CDD7B9EF-33B8-4439-97DC-6F525368E2B5}.Release|Any CPU.ActiveCfg = Release|Any CPU
		{CDD7B9EF-33B8-4439-97DC-6F525368E2B5}.Release|Any CPU.Build.0 = Release|Any CPU
	EndGlobalSection
	GlobalSection(SolutionProperties) = preSolution
		HideSolutionNode = FALSE
	EndGlobalSection
	GlobalSection(ExtensibilityGlobals) = postSolution
		SolutionGuid = {0694A5F1-A16D-47F3-8CCE-A71AAA0CCD45}
	EndGlobalSection
EndGlobal
