
Microsoft Visual Studio Solution File, Format Version 12.00
# Visual Studio Version 16
VisualStudioVersion = 16.0.30413.136
MinimumVisualStudioVersion = 10.0.40219.1
Project("{FAE04EC0-301F-11D3-BF4B-00C04F79EFBC}") = "6to-Kyu Sum of Parts", "6to-Kyu Sum of Parts\6to-Kyu Sum of Parts.csproj", "{9A565A63-BF6B-4175-8034-B2CAB44787AE}"
EndProject
Global
	GlobalSection(SolutionConfigurationPlatforms) = preSolution
		Debug|Any CPU = Debug|Any CPU
		Release|Any CPU = Release|Any CPU
	EndGlobalSection
	GlobalSection(ProjectConfigurationPlatforms) = postSolution
		{9A565A63-BF6B-4175-8034-B2CAB44787AE}.Debug|Any CPU.ActiveCfg = Debug|Any CPU
		{9A565A63-BF6B-4175-8034-B2CAB44787AE}.Debug|Any CPU.Build.0 = Debug|Any CPU
		{9A565A63-BF6B-4175-8034-B2CAB44787AE}.Release|Any CPU.ActiveCfg = Release|Any CPU
		{9A565A63-BF6B-4175-8034-B2CAB44787AE}.Release|Any CPU.Build.0 = Release|Any CPU
	EndGlobalSection
	GlobalSection(SolutionProperties) = preSolution
		HideSolutionNode = FALSE
	EndGlobalSection
	GlobalSection(ExtensibilityGlobals) = postSolution
		SolutionGuid = {6E24F4BD-5DF7-4DF5-ADA8-F29101B8223B}
	EndGlobalSection
EndGlobal
